
Microsoft Visual Studio Solution File, Format Version 12.00
# Visual Studio 15
Project("{FAE04EC0-301F-11D3-BF4B-00C04F79EFBC}") = "ScottishEnterpriseDemo", "ScottishEnterpriseDemo\ScottishEnterpriseDemo.csproj", "{63D3F8EC-7955-46D1-A7BE-877A5A68AC9B}"
EndProject
Global
	GlobalSection(SolutionConfigurationPlatforms) = preSolution
		Debug|Any CPU = Debug|Any CPU
		Release|Any CPU = Release|Any CPU
	EndGlobalSection
	GlobalSection(ProjectConfigurationPlatforms) = postSolution
		{63D3F8EC-7955-46D1-A7BE-877A5A68AC9B}.Debug|Any CPU.ActiveCfg = Debug|Any CPU
		{63D3F8EC-7955-46D1-A7BE-877A5A68AC9B}.Debug|Any CPU.Build.0 = Debug|Any CPU
		{63D3F8EC-7955-46D1-A7BE-877A5A68AC9B}.Release|Any CPU.ActiveCfg = Release|Any CPU
		{63D3F8EC-7955-46D1-A7BE-877A5A68AC9B}.Release|Any CPU.Build.0 = Release|Any CPU
	EndGlobalSection
EndGlobal
